// !$*UTF8*$!
{
	archiveVersion = 1;
	classes = {
	};
	objectVersion = 48;
	objects = {

/* Begin PBXBuildFile section */
		77154C8E207CA3F1009B386F /* UserView.swift in Sources */ = {isa = PBXBuildFile; fileRef = 77154C8D207CA3F1009B386F /* UserView.swift */; };
		772D91F7206B608A00E735D6 /* RegAns.swift in Sources */ = {isa = PBXBuildFile; fileRef = 772D91F6206B608A00E735D6 /* RegAns.swift */; };
		77485FD72068ABEB0099AF57 /* AppDelegate.swift in Sources */ = {isa = PBXBuildFile; fileRef = 77485FD62068ABEB0099AF57 /* AppDelegate.swift */; };
		77485FD92068ABEB0099AF57 /* ViewController.swift in Sources */ = {isa = PBXBuildFile; fileRef = 77485FD82068ABEB0099AF57 /* ViewController.swift */; };
		77485FDC2068ABEB0099AF57 /* Main.storyboard in Resources */ = {isa = PBXBuildFile; fileRef = 77485FDA2068ABEB0099AF57 /* Main.storyboard */; };
		77485FDE2068ABEB0099AF57 /* Assets.xcassets in Resources */ = {isa = PBXBuildFile; fileRef = 77485FDD2068ABEB0099AF57 /* Assets.xcassets */; };
		77485FE12068ABEB0099AF57 /* LaunchScreen.storyboard in Resources */ = {isa = PBXBuildFile; fileRef = 77485FDF2068ABEB0099AF57 /* LaunchScreen.storyboard */; };
		77B7A50F2073836A00816812 /* ForceGesture.swift in Sources */ = {isa = PBXBuildFile; fileRef = 77B7A50E2073836A00816812 /* ForceGesture.swift */; };
		77BD72512069D9DF007239CE /* Auth.swift in Sources */ = {isa = PBXBuildFile; fileRef = 77BD72502069D9DF007239CE /* Auth.swift */; };
		77BD72532069D9F8007239CE /* Reg.swift in Sources */ = {isa = PBXBuildFile; fileRef = 77BD72522069D9F8007239CE /* Reg.swift */; };
		77BD72552069DA03007239CE /* Common.swift in Sources */ = {isa = PBXBuildFile; fileRef = 77BD72542069DA03007239CE /* Common.swift */; };
		77BD72572069DA5B007239CE /* AuthCheck.swift in Sources */ = {isa = PBXBuildFile; fileRef = 77BD72562069DA5B007239CE /* AuthCheck.swift */; };
		77BD72592069DA69007239CE /* RegCheck.swift in Sources */ = {isa = PBXBuildFile; fileRef = 77BD72582069DA69007239CE /* RegCheck.swift */; };
		77BD725B206A2375007239CE /* AuthAns.swift in Sources */ = {isa = PBXBuildFile; fileRef = 77BD725A206A2375007239CE /* AuthAns.swift */; };
		77F3C081207E01B200B87C8B /* UserReg.swift in Sources */ = {isa = PBXBuildFile; fileRef = 77F3C080207E01B200B87C8B /* UserReg.swift */; };
		77F3C083207E04AD00B87C8B /* MyAddCell.swift in Sources */ = {isa = PBXBuildFile; fileRef = 77F3C082207E04AD00B87C8B /* MyAddCell.swift */; };
/* End PBXBuildFile section */

/* Begin PBXFileReference section */
		77154C8D207CA3F1009B386F /* UserView.swift */ = {isa = PBXFileReference; lastKnownFileType = sourcecode.swift; path = UserView.swift; sourceTree = "<group>"; };
		772D91F6206B608A00E735D6 /* RegAns.swift */ = {isa = PBXFileReference; lastKnownFileType = sourcecode.swift; path = RegAns.swift; sourceTree = "<group>"; };
		77485FD32068ABEB0099AF57 /* PhotoMatchApp.app */ = {isa = PBXFileReference; explicitFileType = wrapper.application; includeInIndex = 0; path = PhotoMatchApp.app; sourceTree = BUILT_PRODUCTS_DIR; };
		77485FD62068ABEB0099AF57 /* AppDelegate.swift */ = {isa = PBXFileReference; lastKnownFileType = sourcecode.swift; path = AppDelegate.swift; sourceTree = "<group>"; };
		77485FD82068ABEB0099AF57 /* ViewController.swift */ = {isa = PBXFileReference; lastKnownFileType = sourcecode.swift; path = ViewController.swift; sourceTree = "<group>"; };
		77485FDB2068ABEB0099AF57 /* Base */ = {isa = PBXFileReference; lastKnownFileType = file.storyboard; name = Base; path = Base.lproj/Main.storyboard; sourceTree = "<group>"; };
		77485FDD2068ABEB0099AF57 /* Assets.xcassets */ = {isa = PBXFileReference; lastKnownFileType = folder.assetcatalog; path = Assets.xcassets; sourceTree = "<group>"; };
		77485FE02068ABEB0099AF57 /* Base */ = {isa = PBXFileReference; lastKnownFileType = file.storyboard; name = Base; path = Base.lproj/LaunchScreen.storyboard; sourceTree = "<group>"; };
		77485FE22068ABEB0099AF57 /* Info.plist */ = {isa = PBXFileReference; lastKnownFileType = text.plist.xml; path = Info.plist; sourceTree = "<group>"; };
		77B7A50E2073836A00816812 /* ForceGesture.swift */ = {isa = PBXFileReference; lastKnownFileType = sourcecode.swift; path = ForceGesture.swift; sourceTree = "<group>"; };
		77BD72502069D9DF007239CE /* Auth.swift */ = {isa = PBXFileReference; lastKnownFileType = sourcecode.swift; path = Auth.swift; sourceTree = "<group>"; };
		77BD72522069D9F8007239CE /* Reg.swift */ = {isa = PBXFileReference; lastKnownFileType = sourcecode.swift; path = Reg.swift; sourceTree = "<group>"; };
		77BD72542069DA03007239CE /* Common.swift */ = {isa = PBXFileReference; lastKnownFileType = sourcecode.swift; path = Common.swift; sourceTree = "<group>"; };
		77BD72562069DA5B007239CE /* AuthCheck.swift */ = {isa = PBXFileReference; lastKnownFileType = sourcecode.swift; path = AuthCheck.swift; sourceTree = "<group>"; };
		77BD72582069DA69007239CE /* RegCheck.swift */ = {isa = PBXFileReference; lastKnownFileType = sourcecode.swift; path = RegCheck.swift; sourceTree = "<group>"; };
		77BD725A206A2375007239CE /* AuthAns.swift */ = {isa = PBXFileReference; lastKnownFileType = sourcecode.swift; path = AuthAns.swift; sourceTree = "<group>"; };
		77F3C080207E01B200B87C8B /* UserReg.swift */ = {isa = PBXFileReference; lastKnownFileType = sourcecode.swift; path = UserReg.swift; sourceTree = "<group>"; };
		77F3C082207E04AD00B87C8B /* MyAddCell.swift */ = {isa = PBXFileReference; lastKnownFileType = sourcecode.swift; path = MyAddCell.swift; sourceTree = "<group>"; };
/* End PBXFileReference section */

/* Begin PBXFrameworksBuildPhase section */
		77485FD02068ABEB0099AF57 /* Frameworks */ = {
			isa = PBXFrameworksBuildPhase;
			buildActionMask = 2147483647;
			files = (
			);
			runOnlyForDeploymentPostprocessing = 0;
		};
/* End PBXFrameworksBuildPhase section */

/* Begin PBXGroup section */
		77485FCA2068ABEB0099AF57 = {
			isa = PBXGroup;
			children = (
				77485FD52068ABEB0099AF57 /* PhotoMatchApp */,
				77485FD42068ABEB0099AF57 /* Products */,
			);
			sourceTree = "<group>";
		};
		77485FD42068ABEB0099AF57 /* Products */ = {
			isa = PBXGroup;
			children = (
				77485FD32068ABEB0099AF57 /* PhotoMatchApp.app */,
			);
			name = Products;
			sourceTree = "<group>";
		};
		77485FD52068ABEB0099AF57 /* PhotoMatchApp */ = {
			isa = PBXGroup;
			children = (
				77485FD62068ABEB0099AF57 /* AppDelegate.swift */,
				77485FD82068ABEB0099AF57 /* ViewController.swift */,
				77BD72502069D9DF007239CE /* Auth.swift */,
				77BD72562069DA5B007239CE /* AuthCheck.swift */,
				77BD725A206A2375007239CE /* AuthAns.swift */,
				77BD72522069D9F8007239CE /* Reg.swift */,
				77BD72582069DA69007239CE /* RegCheck.swift */,
				772D91F6206B608A00E735D6 /* RegAns.swift */,
				77154C8D207CA3F1009B386F /* UserView.swift */,
				77F3C080207E01B200B87C8B /* UserReg.swift */,
				77F3C082207E04AD00B87C8B /* MyAddCell.swift */,
				77BD72542069DA03007239CE /* Common.swift */,
				77B7A50E2073836A00816812 /* ForceGesture.swift */,
				77485FDA2068ABEB0099AF57 /* Main.storyboard */,
				77485FDD2068ABEB0099AF57 /* Assets.xcassets */,
				77485FDF2068ABEB0099AF57 /* LaunchScreen.storyboard */,
				77485FE22068ABEB0099AF57 /* Info.plist */,
			);
			path = PhotoMatchApp;
			sourceTree = "<group>";
		};
/* End PBXGroup section */

/* Begin PBXNativeTarget section */
		77485FD22068ABEB0099AF57 /* PhotoMatchApp */ = {
			isa = PBXNativeTarget;
			buildConfigurationList = 77485FE52068ABEB0099AF57 /* Build configuration list for PBXNativeTarget "PhotoMatchApp" */;
			buildPhases = (
				77485FCF2068ABEB0099AF57 /* Sources */,
				77485FD02068ABEB0099AF57 /* Frameworks */,
				77485FD12068ABEB0099AF57 /* Resources */,
			);
			buildRules = (
			);
			dependencies = (
			);
			name = PhotoMatchApp;
			productName = PhotoMatchApp;
			productReference = 77485FD32068ABEB0099AF57 /* PhotoMatchApp.app */;
			productType = "com.apple.product-type.application";
		};
/* End PBXNativeTarget section */

/* Begin PBXProject section */
		77485FCB2068ABEB0099AF57 /* Project object */ = {
			isa = PBXProject;
			attributes = {
				LastSwiftUpdateCheck = 0920;
				LastUpgradeCheck = 0920;
				ORGANIZATIONNAME = "Masashi Kudo";
				TargetAttributes = {
					77485FD22068ABEB0099AF57 = {
						CreatedOnToolsVersion = 9.2;
						ProvisioningStyle = Automatic;
					};
				};
			};
			buildConfigurationList = 77485FCE2068ABEB0099AF57 /* Build configuration list for PBXProject "PhotoMatchApp" */;
			compatibilityVersion = "Xcode 8.0";
			developmentRegion = en;
			hasScannedForEncodings = 0;
			knownRegions = (
				en,
				Base,
			);
			mainGroup = 77485FCA2068ABEB0099AF57;
			productRefGroup = 77485FD42068ABEB0099AF57 /* Products */;
			projectDirPath = "";
			projectRoot = "";
			targets = (
				77485FD22068ABEB0099AF57 /* PhotoMatchApp */,
			);
		};
/* End PBXProject section */

/* Begin PBXResourcesBuildPhase section */
		77485FD12068ABEB0099AF57 /* Resources */ = {
			isa = PBXResourcesBuildPhase;
			buildActionMask = 2147483647;
			files = (
				77485FE12068ABEB0099AF57 /* LaunchScreen.storyboard in Resources */,
				77485FDE2068ABEB0099AF57 /* Assets.xcassets in Resources */,
				77485FDC2068ABEB0099AF57 /* Main.storyboard in Resources */,
			);
			runOnlyForDeploymentPostprocessing = 0;
		};
/* End PBXResourcesBuildPhase section */

/* Begin PBXSourcesBuildPhase section */
		77485FCF2068ABEB0099AF57 /* Sources */ = {
			isa = PBXSourcesBuildPhase;
			buildActionMask = 2147483647;
			files = (
				77154C8E207CA3F1009B386F /* UserView.swift in Sources */,
				77BD72572069DA5B007239CE /* AuthCheck.swift in Sources */,
				77485FD92068ABEB0099AF57 /* ViewController.swift in Sources */,
				77BD72592069DA69007239CE /* RegCheck.swift in Sources */,
				77485FD72068ABEB0099AF57 /* AppDelegate.swift in Sources */,
				77F3C081207E01B200B87C8B /* UserReg.swift in Sources */,
				77BD725B206A2375007239CE /* AuthAns.swift in Sources */,
				77B7A50F2073836A00816812 /* ForceGesture.swift in Sources */,
				77BD72532069D9F8007239CE /* Reg.swift in Sources */,
				77BD72552069DA03007239CE /* Common.swift in Sources */,
				77F3C083207E04AD00B87C8B /* MyAddCell.swift in Sources */,
				77BD72512069D9DF007239CE /* Auth.swift in Sources */,
				772D91F7206B608A00E735D6 /* RegAns.swift in Sources */,
			);
			runOnlyForDeploymentPostprocessing = 0;
		};
/* End PBXSourcesBuildPhase section */

/* Begin PBXVariantGroup section */
		77485FDA2068ABEB0099AF57 /* Main.storyboard */ = {
			isa = PBXVariantGroup;
			children = (
				77485FDB2068ABEB0099AF57 /* Base */,
			);
			name = Main.storyboard;
			sourceTree = "<group>";
		};
		77485FDF2068ABEB0099AF57 /* LaunchScreen.storyboard */ = {
			isa = PBXVariantGroup;
			children = (
				77485FE02068ABEB0099AF57 /* Base */,
			);
			name = LaunchScreen.storyboard;
			sourceTree = "<group>";
		};
/* End PBXVariantGroup section */

/* Begin XCBuildConfiguration section */
		77485FE32068ABEB0099AF57 /* Debug */ = {
			isa = XCBuildConfiguration;
			buildSettings = {
				ALWAYS_SEARCH_USER_PATHS = NO;
				CLANG_ANALYZER_NONNULL = YES;
				CLANG_ANALYZER_NUMBER_OBJECT_CONVERSION = YES_AGGRESSIVE;
				CLANG_CXX_LANGUAGE_STANDARD = "gnu++14";
				CLANG_CXX_LIBRARY = "libc++";
				CLANG_ENABLE_MODULES = YES;
				CLANG_ENABLE_OBJC_ARC = YES;
				CLANG_WARN_BLOCK_CAPTURE_AUTORELEASING = YES;
				CLANG_WARN_BOOL_CONVERSION = YES;
				CLANG_WARN_COMMA = YES;
				CLANG_WARN_CONSTANT_CONVERSION = YES;
				CLANG_WARN_DIRECT_OBJC_ISA_USAGE = YES_ERROR;
				CLANG_WARN_DOCUMENTATION_COMMENTS = YES;
				CLANG_WARN_EMPTY_BODY = YES;
				CLANG_WARN_ENUM_CONVERSION = YES;
				CLANG_WARN_INFINITE_RECURSION = YES;
				CLANG_WARN_INT_CONVERSION = YES;
				CLANG_WARN_NON_LITERAL_NULL_CONVERSION = YES;
				CLANG_WARN_OBJC_LITERAL_CONVERSION = YES;
				CLANG_WARN_OBJC_ROOT_CLASS = YES_ERROR;
				CLANG_WARN_RANGE_LOOP_ANALYSIS = YES;
				CLANG_WARN_STRICT_PROTOTYPES = YES;
				CLANG_WARN_SUSPICIOUS_MOVE = YES;
				CLANG_WARN_UNGUARDED_AVAILABILITY = YES_AGGRESSIVE;
				CLANG_WARN_UNREACHABLE_CODE = YES;
				CLANG_WARN__DUPLICATE_METHOD_MATCH = YES;
				CODE_SIGN_IDENTITY = "iPhone Developer";
				COPY_PHASE_STRIP = NO;
				DEBUG_INFORMATION_FORMAT = dwarf;
				ENABLE_STRICT_OBJC_MSGSEND = YES;
				ENABLE_TESTABILITY = YES;
				GCC_C_LANGUAGE_STANDARD = gnu11;
				GCC_DYNAMIC_NO_PIC = NO;
				GCC_NO_COMMON_BLOCKS = YES;
				GCC_OPTIMIZATION_LEVEL = 0;
				GCC_PREPROCESSOR_DEFINITIONS = (
					"DEBUG=1",
					"$(inherited)",
				);
				GCC_WARN_64_TO_32_BIT_CONVERSION = YES;
				GCC_WARN_ABOUT_RETURN_TYPE = YES_ERROR;
				GCC_WARN_UNDECLARED_SELECTOR = YES;
				GCC_WARN_UNINITIALIZED_AUTOS = YES_AGGRESSIVE;
				GCC_WARN_UNUSED_FUNCTION = YES;
				GCC_WARN_UNUSED_VARIABLE = YES;
				IPHONEOS_DEPLOYMENT_TARGET = 11.2;
				MTL_ENABLE_DEBUG_INFO = YES;
				NEW_SETTING = "";
				ONLY_ACTIVE_ARCH = YES;
				SDKROOT = iphoneos;
				SWIFT_ACTIVE_COMPILATION_CONDITIONS = DEBUG;
				SWIFT_OPTIMIZATION_LEVEL = "-Onone";
			};
			name = Debug;
		};
		77485FE42068ABEB0099AF57 /* Release */ = {
			isa = XCBuildConfiguration;
			buildSettings = {
				ALWAYS_SEARCH_USER_PATHS = NO;
				CLANG_ANALYZER_NONNULL = YES;
				CLANG_ANALYZER_NUMBER_OBJECT_CONVERSION = YES_AGGRESSIVE;
				CLANG_CXX_LANGUAGE_STANDARD = "gnu++14";
				CLANG_CXX_LIBRARY = "libc++";
				CLANG_ENABLE_MODULES = YES;
				CLANG_ENABLE_OBJC_ARC = YES;
				CLANG_WARN_BLOCK_CAPTURE_AUTORELEASING = YES;
				CLANG_WARN_BOOL_CONVERSION = YES;
				CLANG_WARN_COMMA = YES;
				CLANG_WARN_CONSTANT_CONVERSION = YES;
				CLANG_WARN_DIRECT_OBJC_ISA_USAGE = YES_ERROR;
				CLANG_WARN_DOCUMENTATION_COMMENTS = YES;
				CLANG_WARN_EMPTY_BODY = YES;
				CLANG_WARN_ENUM_CONVERSION = YES;
				CLANG_WARN_INFINITE_RECURSION = YES;
				CLANG_WARN_INT_CONVERSION = YES;
				CLANG_WARN_NON_LITERAL_NULL_CONVERSION = YES;
				CLANG_WARN_OBJC_LITERAL_CONVERSION = YES;
				CLANG_WARN_OBJC_ROOT_CLASS = YES_ERROR;
				CLANG_WARN_RANGE_LOOP_ANALYSIS = YES;
				CLANG_WARN_STRICT_PROTOTYPES = YES;
				CLANG_WARN_SUSPICIOUS_MOVE = YES;
				CLANG_WARN_UNGUARDED_AVAILABILITY = YES_AGGRESSIVE;
				CLANG_WARN_UNREACHABLE_CODE = YES;
				CLANG_WARN__DUPLICATE_METHOD_MATCH = YES;
				CODE_SIGN_IDENTITY = "iPhone Developer";
				COPY_PHASE_STRIP = NO;
				DEBUG_INFORMATION_FORMAT = "dwarf-with-dsym";
				ENABLE_NS_ASSERTIONS = NO;
				ENABLE_STRICT_OBJC_MSGSEND = YES;
				GCC_C_LANGUAGE_STANDARD = gnu11;
				GCC_NO_COMMON_BLOCKS = YES;
				GCC_WARN_64_TO_32_BIT_CONVERSION = YES;
				GCC_WARN_ABOUT_RETURN_TYPE = YES_ERROR;
				GCC_WARN_UNDECLARED_SELECTOR = YES;
				GCC_WARN_UNINITIALIZED_AUTOS = YES_AGGRESSIVE;
				GCC_WARN_UNUSED_FUNCTION = YES;
				GCC_WARN_UNUSED_VARIABLE = YES;
				IPHONEOS_DEPLOYMENT_TARGET = 11.2;
				MTL_ENABLE_DEBUG_INFO = NO;
				NEW_SETTING = "";
				SDKROOT = iphoneos;
				SWIFT_OPTIMIZATION_LEVEL = "-Owholemodule";
				VALIDATE_PRODUCT = YES;
			};
			name = Release;
		};
		77485FE62068ABEB0099AF57 /* Debug */ = {
			isa = XCBuildConfiguration;
			buildSettings = {
				ASSETCATALOG_COMPILER_APPICON_NAME = AppIcon;
				CODE_SIGN_STYLE = Automatic;
				DEVELOPMENT_TEAM = CGATMMP89S;
				INFOPLIST_FILE = PhotoMatchApp/Info.plist;
				LD_RUNPATH_SEARCH_PATHS = "$(inherited) @executable_path/Frameworks";
				PRODUCT_BUNDLE_IDENTIFIER = jp.kudoma34.calculator.PhotoMatchApp;
				PRODUCT_NAME = "$(TARGET_NAME)";
				SWIFT_VERSION = 4.0;
				TARGETED_DEVICE_FAMILY = "1,2";
			};
			name = Debug;
		};
		77485FE72068ABEB0099AF57 /* Release */ = {
			isa = XCBuildConfiguration;
			buildSettings = {
				ASSETCATALOG_COMPILER_APPICON_NAME = AppIcon;
				CODE_SIGN_STYLE = Automatic;
				DEVELOPMENT_TEAM = CGATMMP89S;
				INFOPLIST_FILE = PhotoMatchApp/Info.plist;
				LD_RUNPATH_SEARCH_PATHS = "$(inherited) @executable_path/Frameworks";
				PRODUCT_BUNDLE_IDENTIFIER = jp.kudoma34.calculator.PhotoMatchApp;
				PRODUCT_NAME = "$(TARGET_NAME)";
				SWIFT_VERSION = 4.0;
				TARGETED_DEVICE_FAMILY = "1,2";
			};
			name = Release;
		};
/* End XCBuildConfiguration section */

/* Begin XCConfigurationList section */
		77485FCE2068ABEB0099AF57 /* Build configuration list for PBXProject "PhotoMatchApp" */ = {
			isa = XCConfigurationList;
			buildConfigurations = (
				77485FE32068ABEB0099AF57 /* Debug */,
				77485FE42068ABEB0099AF57 /* Release */,
			);
			defaultConfigurationIsVisible = 0;
			defaultConfigurationName = Release;
		};
		77485FE52068ABEB0099AF57 /* Build configuration list for PBXNativeTarget "PhotoMatchApp" */ = {
			isa = XCConfigurationList;
			buildConfigurations = (
				77485FE62068ABEB0099AF57 /* Debug */,
				77485FE72068ABEB0099AF57 /* Release */,
			);
			defaultConfigurationIsVisible = 0;
			defaultConfigurationName = Release;
		};
/* End XCConfigurationList section */
	};
	rootObject = 77485FCB2068ABEB0099AF57 /* Project object */;
}
